
Microsoft Visual Studio Solution File, Format Version 12.00
# Visual Studio Version 17
VisualStudioVersion = 17.11.35312.102
MinimumVisualStudioVersion = 10.0.40219.1
Project("{8BC9CEB8-8B4A-11D0-8D11-00A0C91BC942}") = "KPRW", "KPRW\KPRW.vcxproj", "{527C96EE-7E58-4DE6-9098-1D7322FDF213}"
EndProject
Global
	GlobalSection(SolutionConfigurationPlatforms) = preSolution
		Debug|x64 = Debug|x64
		Debug|x86 = Debug|x86
		Release|x64 = Release|x64
		Release|x86 = Release|x86
	EndGlobalSection
	GlobalSection(ProjectConfigurationPlatforms) = postSolution
		{527C96EE-7E58-4DE6-9098-1D7322FDF213}.Debug|x64.ActiveCfg = Debug|x64
		{527C96EE-7E58-4DE6-9098-1D7322FDF213}.Debug|x64.Build.0 = Debug|x64
		{527C96EE-7E58-4DE6-9098-1D7322FDF213}.Debug|x86.ActiveCfg = Debug|Win32
		{527C96EE-7E58-4DE6-9098-1D7322FDF213}.Debug|x86.Build.0 = Debug|Win32
		{527C96EE-7E58-4DE6-9098-1D7322FDF213}.Release|x64.ActiveCfg = Release|x64
		{527C96EE-7E58-4DE6-9098-1D7322FDF213}.Release|x64.Build.0 = Release|x64
		{527C96EE-7E58-4DE6-9098-1D7322FDF213}.Release|x86.ActiveCfg = Release|Win32
		{527C96EE-7E58-4DE6-9098-1D7322FDF213}.Release|x86.Build.0 = Release|Win32
	EndGlobalSection
	GlobalSection(SolutionProperties) = preSolution
		HideSolutionNode = FALSE
	EndGlobalSection
	GlobalSection(ExtensibilityGlobals) = postSolution
		SolutionGuid = {7D2F6308-3F16-477E-AA97-AA4501E08387}
	EndGlobalSection
EndGlobal
